
Microsoft Visual Studio Solution File, Format Version 12.00
# Visual Studio Version 16
VisualStudioVersion = 16.0.30804.86
MinimumVisualStudioVersion = 10.0.40219.1
Project("{8BC9CEB8-8B4A-11D0-8D11-00A0C91BC942}") = "PAIN_server", "PAIN_server\PAIN_server.vcxproj", "{89DD2097-A709-4E7A-AA5F-5DE07B95D97D}"
EndProject
Project("{8BC9CEB8-8B4A-11D0-8D11-00A0C91BC942}") = "DevoPath", "DevoPath\DevoPath.vcxproj", "{62DAD2AB-9D6C-4961-96A0-520763FE31B6}"
EndProject
Project("{8BC9CEB8-8B4A-11D0-8D11-00A0C91BC942}") = "HumanPath", "HumanPath\HumanPath.vcxproj", "{431609AF-0792-493C-B280-83B0C4FD8184}"
EndProject
Project("{8BC9CEB8-8B4A-11D0-8D11-00A0C91BC942}") = "PAIN_client", "PAIN_client\PAIN_client.vcxproj", "{860E3D4C-B91C-482F-A618-9F20834D47BB}"
	ProjectSection(ProjectDependencies) = postProject
		{89DD2097-A709-4E7A-AA5F-5DE07B95D97D} = {89DD2097-A709-4E7A-AA5F-5DE07B95D97D}
	EndProjectSection
EndProject
Global
	GlobalSection(SolutionConfigurationPlatforms) = preSolution
		Debug|x64 = Debug|x64
		Debug|x86 = Debug|x86
		Release|x64 = Release|x64
		Release|x86 = Release|x86
	EndGlobalSection
	GlobalSection(ProjectConfigurationPlatforms) = postSolution
		{89DD2097-A709-4E7A-AA5F-5DE07B95D97D}.Debug|x64.ActiveCfg = Debug|x64
		{89DD2097-A709-4E7A-AA5F-5DE07B95D97D}.Debug|x64.Build.0 = Debug|x64
		{89DD2097-A709-4E7A-AA5F-5DE07B95D97D}.Debug|x86.ActiveCfg = Debug|Win32
		{89DD2097-A709-4E7A-AA5F-5DE07B95D97D}.Debug|x86.Build.0 = Debug|Win32
		{89DD2097-A709-4E7A-AA5F-5DE07B95D97D}.Release|x64.ActiveCfg = Release|x64
		{89DD2097-A709-4E7A-AA5F-5DE07B95D97D}.Release|x64.Build.0 = Release|x64
		{89DD2097-A709-4E7A-AA5F-5DE07B95D97D}.Release|x86.ActiveCfg = Release|Win32
		{89DD2097-A709-4E7A-AA5F-5DE07B95D97D}.Release|x86.Build.0 = Release|Win32
		{62DAD2AB-9D6C-4961-96A0-520763FE31B6}.Debug|x64.ActiveCfg = Debug|x64
		{62DAD2AB-9D6C-4961-96A0-520763FE31B6}.Debug|x64.Build.0 = Debug|x64
		{62DAD2AB-9D6C-4961-96A0-520763FE31B6}.Debug|x86.ActiveCfg = Debug|Win32
		{62DAD2AB-9D6C-4961-96A0-520763FE31B6}.Debug|x86.Build.0 = Debug|Win32
		{62DAD2AB-9D6C-4961-96A0-520763FE31B6}.Release|x64.ActiveCfg = Release|x64
		{62DAD2AB-9D6C-4961-96A0-520763FE31B6}.Release|x64.Build.0 = Release|x64
		{62DAD2AB-9D6C-4961-96A0-520763FE31B6}.Release|x86.ActiveCfg = Release|Win32
		{62DAD2AB-9D6C-4961-96A0-520763FE31B6}.Release|x86.Build.0 = Release|Win32
		{431609AF-0792-493C-B280-83B0C4FD8184}.Debug|x64.ActiveCfg = Debug|x64
		{431609AF-0792-493C-B280-83B0C4FD8184}.Debug|x64.Build.0 = Debug|x64
		{431609AF-0792-493C-B280-83B0C4FD8184}.Debug|x86.ActiveCfg = Debug|Win32
		{431609AF-0792-493C-B280-83B0C4FD8184}.Debug|x86.Build.0 = Debug|Win32
		{431609AF-0792-493C-B280-83B0C4FD8184}.Release|x64.ActiveCfg = Release|x64
		{431609AF-0792-493C-B280-83B0C4FD8184}.Release|x64.Build.0 = Release|x64
		{431609AF-0792-493C-B280-83B0C4FD8184}.Release|x86.ActiveCfg = Release|Win32
		{431609AF-0792-493C-B280-83B0C4FD8184}.Release|x86.Build.0 = Release|Win32
		{860E3D4C-B91C-482F-A618-9F20834D47BB}.Debug|x64.ActiveCfg = Debug|x64
		{860E3D4C-B91C-482F-A618-9F20834D47BB}.Debug|x64.Build.0 = Debug|x64
		{860E3D4C-B91C-482F-A618-9F20834D47BB}.Debug|x86.ActiveCfg = Debug|Win32
		{860E3D4C-B91C-482F-A618-9F20834D47BB}.Debug|x86.Build.0 = Debug|Win32
		{860E3D4C-B91C-482F-A618-9F20834D47BB}.Release|x64.ActiveCfg = Release|x64
		{860E3D4C-B91C-482F-A618-9F20834D47BB}.Release|x64.Build.0 = Release|x64
		{860E3D4C-B91C-482F-A618-9F20834D47BB}.Release|x86.ActiveCfg = Release|Win32
		{860E3D4C-B91C-482F-A618-9F20834D47BB}.Release|x86.Build.0 = Release|Win32
	EndGlobalSection
	GlobalSection(SolutionProperties) = preSolution
		HideSolutionNode = FALSE
	EndGlobalSection
	GlobalSection(ExtensibilityGlobals) = postSolution
		SolutionGuid = {379E78BC-3385-458C-9D25-31932A4C0E24}
	EndGlobalSection
EndGlobal
