<?xml version="1.0" encoding="utf-8"?>
<Project ToolsVersion="4.0" xmlns="http://schemas.microsoft.com/developer/msbuild/2003">
  <ItemGroup>
    <Filter Include="來源檔案">
      <UniqueIdentifier>{4FC737F1-C7A5-4376-A066-2A32D752A2FF}</UniqueIdentifier>
      <Extensions>cpp;c;cc;cxx;c++;cppm;ixx;def;odl;idl;hpj;bat;asm;asmx</Extensions>
    </Filter>
    <Filter Include="標頭檔">
      <UniqueIdentifier>{93995380-89BD-4b04-88EB-625FBE52EBFB}</UniqueIdentifier>
      <Extensions>h;hh;hpp;hxx;h++;hm;inl;inc;ipp;xsd</Extensions>
    </Filter>
    <Filter Include="資源檔">
      <UniqueIdentifier>{67DA6AB6-F800-4c08-8B7A-83BB121AAD01}</UniqueIdentifier>
      <Extensions>rc;ico;cur;bmp;dlg;rc2;rct;bin;rgs;gif;jpg;jpeg;jpe;resx;tiff;tif;png;wav;mfcribbon-ms</Extensions>
    </Filter>
    <Filter Include="標頭檔\NetCommon">
      <UniqueIdentifier>{02367dc4-766e-4058-85ce-c0850d8b11ea}</UniqueIdentifier>
    </Filter>
  </ItemGroup>
  <ItemGroup>
    <ClCompile Include="SimpleClient.cpp">
      <Filter>來源檔案</Filter>
    </ClCompile>
  </ItemGroup>
  <ItemGroup>
    <ClInclude Include="..\PAIN_server\net_common.h">
      <Filter>標頭檔\NetCommon</Filter>
    </ClInclude>
    <ClInclude Include="..\PAIN_server\net_message.h">
      <Filter>標頭檔\NetCommon</Filter>
    </ClInclude>
    <ClInclude Include="..\PAIN_server\olc_net.h">
      <Filter>標頭檔\NetCommon</Filter>
    </ClInclude>
    <ClInclude Include="..\PAIN_server\net_tsqueue.h">
      <Filter>標頭檔\NetCommon</Filter>
    </ClInclude>
    <ClInclude Include="net_client.h">
      <Filter>標頭檔\NetCommon</Filter>
    </ClInclude>
  </ItemGroup>
</Project>